
Microsoft Visual Studio Solution File, Format Version 12.00
# Visual Studio Version 17
VisualStudioVersion = 17.13.35828.75
MinimumVisualStudioVersion = 10.0.40219.1
Project("{FAE04EC0-301F-11D3-BF4B-00C04F79EFBC}") = "HealthGearConfig", "HealthGearConfig\HealthGearConfig.csproj", "{7D5E8A3A-BA37-40CE-9934-B78BF9B466F1}"
EndProject
Project("{2150E333-8FDC-42A3-9474-1A3956D46DE8}") = "Solution Items", "Solution Items", "{6C83A596-D32D-B35F-00DD-F0C99B673980}"
	ProjectSection(SolutionItems) = preProject
		.editorconfig = .editorconfig
	EndProjectSection
EndProject
Project("{2150E333-8FDC-42A3-9474-1A3956D46DE8}") = "Elementi di soluzione", "Elementi di soluzione", "{9DF70304-0A22-CE1E-AA12-D5904EE55694}"
	ProjectSection(SolutionItems) = preProject
		GitVersion.yml = GitVersion.yml
	EndProjectSection
EndProject
Global
	GlobalSection(SolutionConfigurationPlatforms) = preSolution
		Debug|Any CPU = Debug|Any CPU
		Release|Any CPU = Release|Any CPU
	EndGlobalSection
	GlobalSection(ProjectConfigurationPlatforms) = postSolution
		{7D5E8A3A-BA37-40CE-9934-B78BF9B466F1}.Debug|Any CPU.ActiveCfg = Debug|Any CPU
		{7D5E8A3A-BA37-40CE-9934-B78BF9B466F1}.Debug|Any CPU.Build.0 = Debug|Any CPU
		{7D5E8A3A-BA37-40CE-9934-B78BF9B466F1}.Release|Any CPU.ActiveCfg = Release|Any CPU
		{7D5E8A3A-BA37-40CE-9934-B78BF9B466F1}.Release|Any CPU.Build.0 = Release|Any CPU
	EndGlobalSection
	GlobalSection(SolutionProperties) = preSolution
		HideSolutionNode = FALSE
	EndGlobalSection
	GlobalSection(ExtensibilityGlobals) = postSolution
		SolutionGuid = {EEB2709C-9C0E-4F9E-A727-0B57348B7AB5}
	EndGlobalSection
EndGlobal
